<?xml version="1.0" encoding="utf-8"?>
<Project ToolsVersion="4.0" xmlns="http://schemas.microsoft.com/developer/msbuild/2003">
  <ItemGroup>
    <Filter Include="Source Files">
      <UniqueIdentifier>{3baf5795-2ef6-4125-a20c-d55d99367737}</UniqueIdentifier>
    </Filter>
  </ItemGroup>
  <ItemGroup>
    <ClCompile Include="..\..\Modules\_hashopenssl.c">
      <Filter>Source Files</Filter>
    </ClCompile>
  </ItemGroup>
</Project>