<?xml version="1.0" encoding="utf-8"?>
<Project ToolsVersion="4.0" xmlns="http://schemas.microsoft.com/developer/msbuild/2003">
  <ItemGroup>
    <Filter Include="Source Files">
      <UniqueIdentifier>{4FC737F1-C7A5-4376-A066-2A32D752A2FF}</UniqueIdentifier>
      <Extensions>cpp;c;cc;cxx;def;odl;idl;hpj;bat;asm;asmx</Extensions>
    </Filter>
    <Filter Include="Header Files">
      <UniqueIdentifier>{93995380-89BD-4b04-88EB-625FBE52EBFB}</UniqueIdentifier>
      <Extensions>h;hh;hpp;hxx;hm;inl;inc;xsd</Extensions>
    </Filter>
  </ItemGroup>
  <ItemGroup>
    <ClInclude Include="base64.hpp">
      <Filter>Header Files</Filter>
    </ClInclude>
    <ClInclude Include="ace_object_pool.h">
      <Filter>Header Files</Filter>
    </ClInclude>
    <ClInclude Include="ace_kbe_version_namespace.h">
      <Filter>Header Files</Filter>
    </ClInclude>
    <ClInclude Include="format.h">
      <Filter>Header Files</Filter>
    </ClInclude>
    <ClInclude Include="kbe_blowfish.hpp">
      <Filter>Header Files</Filter>
    </ClInclude>
    <ClInclude Include="kbe_version.h">
      <Filter>Header Files</Filter>
    </ClInclude>
    <ClInclude Include="stringconv.hpp">
      <Filter>Header Files</Filter>
    </ClInclude>
    <ClInclude Include="strulti.h">
      <Filter>Header Files</Filter>
    </ClInclude>
    <ClInclude Include="user_settings.h">
      <Filter>Header Files</Filter>
    </ClInclude>
    <ClInclude Include="config.h">
      <Filter>Header Files</Filter>
    </ClInclude>
    <ClInclude Include="rsa.hpp">
      <Filter>Header Files</Filter>
    </ClInclude>
    <ClInclude Include="md5.hpp">
      <Filter>Header Files</Filter>
    </ClInclude>
    <ClInclude Include="sha1.hpp">
      <Filter>Header Files</Filter>
    </ClInclude>
    <ClInclude Include="common.h">
      <Filter>Header Files</Filter>
    </ClInclude>
    <ClInclude Include="timestamp.hpp">
      <Filter>Header Files</Filter>
    </ClInclude>
    <ClInclude Include="memory_stream.h">
      <Filter>Header Files</Filter>
    </ClInclude>
    <ClInclude Include="deadline.hpp">
      <Filter>Source Files</Filter>
    </ClInclude>
    <ClInclude Include="kbekey.hpp">
      <Filter>Source Files</Filter>
    </ClInclude>
    <ClInclude Include="memorystream_converter.hpp">
      <Filter>Header Files</Filter>
    </ClInclude>
    <ClInclude Include="tasks.h">
      <Filter>Header Files</Filter>
    </ClInclude>
    <ClInclude Include="task.h">
      <Filter>Header Files</Filter>
    </ClInclude>
    <ClInclude Include="Profile.h">
      <Filter>Header Files</Filter>
    </ClInclude>
  </ItemGroup>
  <ItemGroup>
    <ClCompile Include="format.cpp">
      <Filter>Source Files</Filter>
    </ClCompile>
    <ClCompile Include="kbe_blowfish.cpp">
      <Filter>Source Files</Filter>
    </ClCompile>
    <ClCompile Include="kbe_version.cpp">
      <Filter>Source Files</Filter>
    </ClCompile>
    <ClCompile Include="rsa.cpp">
      <Filter>Source Files</Filter>
    </ClCompile>
    <ClCompile Include="kbekey.cpp">
      <Filter>Source Files</Filter>
    </ClCompile>
    <ClCompile Include="md5.cpp">
      <Filter>Source Files</Filter>
    </ClCompile>
    <ClCompile Include="sha1.cpp">
      <Filter>Source Files</Filter>
    </ClCompile>
    <ClCompile Include="timestamp.cpp">
      <Filter>Source Files</Filter>
    </ClCompile>
    <ClCompile Include="common.cpp">
      <Filter>Source Files</Filter>
    </ClCompile>
    <ClCompile Include="Profile.cpp">
      <Filter>Source Files</Filter>
    </ClCompile>
  </ItemGroup>
</Project>